
Microsoft Visual Studio Solution File, Format Version 12.00
# Visual Studio Version 17
VisualStudioVersion = 17.1.31903.286
MinimumVisualStudioVersion = 10.0.40219.1
Project("{FAE04EC0-301F-11D3-BF4B-00C04F79EFBC}") = "MatchGame", "MatchGame.csproj", "{25967457-E3A5-40DE-BC25-E48567522D60}"
EndProject
Global
	GlobalSection(SolutionConfigurationPlatforms) = preSolution
		Debug|Any CPU = Debug|Any CPU
		Release|Any CPU = Release|Any CPU
	EndGlobalSection
	GlobalSection(ProjectConfigurationPlatforms) = postSolution
		{25967457-E3A5-40DE-BC25-E48567522D60}.Debug|Any CPU.ActiveCfg = Debug|Any CPU
		{25967457-E3A5-40DE-BC25-E48567522D60}.Debug|Any CPU.Build.0 = Debug|Any CPU
		{25967457-E3A5-40DE-BC25-E48567522D60}.Release|Any CPU.ActiveCfg = Release|Any CPU
		{25967457-E3A5-40DE-BC25-E48567522D60}.Release|Any CPU.Build.0 = Release|Any CPU
	EndGlobalSection
	GlobalSection(SolutionProperties) = preSolution
		HideSolutionNode = FALSE
	EndGlobalSection
	GlobalSection(ExtensibilityGlobals) = postSolution
		SolutionGuid = {790B37A0-D28F-4F9C-A50D-AA600DA82077}
	EndGlobalSection
EndGlobal
